
Microsoft Visual Studio Solution File, Format Version 12.00
# Visual Studio Version 17
VisualStudioVersion = 17.10.35013.160
MinimumVisualStudioVersion = 10.0.40219.1
Project("{FAE04EC0-301F-11D3-BF4B-00C04F79EFBC}") = "EmployeeClock", "EmployeeClock\EmployeeClock.csproj", "{7AAE0E10-9A85-4D8F-BD1D-94D415061025}"
EndProject
Global
	GlobalSection(SolutionConfigurationPlatforms) = preSolution
		Debug|Any CPU = Debug|Any CPU
		Release|Any CPU = Release|Any CPU
	EndGlobalSection
	GlobalSection(ProjectConfigurationPlatforms) = postSolution
		{7AAE0E10-9A85-4D8F-BD1D-94D415061025}.Debug|Any CPU.ActiveCfg = Debug|Any CPU
		{7AAE0E10-9A85-4D8F-BD1D-94D415061025}.Debug|Any CPU.Build.0 = Debug|Any CPU
		{7AAE0E10-9A85-4D8F-BD1D-94D415061025}.Release|Any CPU.ActiveCfg = Release|Any CPU
		{7AAE0E10-9A85-4D8F-BD1D-94D415061025}.Release|Any CPU.Build.0 = Release|Any CPU
	EndGlobalSection
	GlobalSection(SolutionProperties) = preSolution
		HideSolutionNode = FALSE
	EndGlobalSection
	GlobalSection(ExtensibilityGlobals) = postSolution
		SolutionGuid = {2BDA42D9-3BAE-45C6-B818-5AF9C9499397}
	EndGlobalSection
EndGlobal
